
Microsoft Visual Studio Solution File, Format Version 12.00
# Visual Studio Version 17
VisualStudioVersion = 17.13.35931.197 d17.13
MinimumVisualStudioVersion = 10.0.40219.1
Project("{FAE04EC0-301F-11D3-BF4B-00C04F79EFBC}") = "crudcore", "crudcore.csproj", "{4461041C-6473-4553-8F39-71D4D29FF265}"
EndProject
Global
	GlobalSection(SolutionConfigurationPlatforms) = preSolution
		Debug|Any CPU = Debug|Any CPU
		Release|Any CPU = Release|Any CPU
	EndGlobalSection
	GlobalSection(ProjectConfigurationPlatforms) = postSolution
		{4461041C-6473-4553-8F39-71D4D29FF265}.Debug|Any CPU.ActiveCfg = Debug|Any CPU
		{4461041C-6473-4553-8F39-71D4D29FF265}.Debug|Any CPU.Build.0 = Debug|Any CPU
		{4461041C-6473-4553-8F39-71D4D29FF265}.Release|Any CPU.ActiveCfg = Release|Any CPU
		{4461041C-6473-4553-8F39-71D4D29FF265}.Release|Any CPU.Build.0 = Release|Any CPU
	EndGlobalSection
	GlobalSection(SolutionProperties) = preSolution
		HideSolutionNode = FALSE
	EndGlobalSection
	GlobalSection(ExtensibilityGlobals) = postSolution
		SolutionGuid = {31533C2F-10A3-4BB7-B9CC-A341F8E86599}
	EndGlobalSection
EndGlobal
